// !$*UTF8*$!
{
	archiveVersion = 1;
	classes = {
	};
	objectVersion = 46;
	objects = {

/* Begin PBXBuildFile section */
		05207AB81AA7F13900111032 /* OneAtATimeController.swift in Sources */ = {isa = PBXBuildFile; fileRef = 05207AB71AA7F13900111032 /* OneAtATimeController.swift */; };
		055B33101A656AA1002CDB32 /* groceryRowController.swift in Sources */ = {isa = PBXBuildFile; fileRef = 055B330F1A656AA1002CDB32 /* groceryRowController.swift */; };
		0563429B1A65671E009EE218 /* InterfaceController.swift in Sources */ = {isa = PBXBuildFile; fileRef = 0563429A1A65671E009EE218 /* InterfaceController.swift */; };
		0563429D1A65671E009EE218 /* NotificationController.swift in Sources */ = {isa = PBXBuildFile; fileRef = 0563429C1A65671E009EE218 /* NotificationController.swift */; };
		056342A31A656722009EE218 /* Daily Bread WatchKit App.app in Resources */ = {isa = PBXBuildFile; fileRef = 056342A21A65671E009EE218 /* Daily Bread WatchKit App.app */; };
		056342AB1A656722009EE218 /* Interface.storyboard in Resources */ = {isa = PBXBuildFile; fileRef = 056342A91A656722009EE218 /* Interface.storyboard */; };
		056342AD1A656722009EE218 /* Images.xcassets in Resources */ = {isa = PBXBuildFile; fileRef = 056342AC1A656722009EE218 /* Images.xcassets */; };
		056342B01A656722009EE218 /* Daily Bread WatchKit Extension.appex in Embed App Extensions */ = {isa = PBXBuildFile; fileRef = 056342951A65671D009EE218 /* Daily Bread WatchKit Extension.appex */; settings = {ATTRIBUTES = (RemoveHeadersOnCopy, ); }; };
		0587B5B619AC20F7009FAF77 /* ranking.swift in Sources */ = {isa = PBXBuildFile; fileRef = 0587B5B519AC20F7009FAF77 /* ranking.swift */; };
		0588F2F61AA2839300D4DD27 /* ZippyAnimator.swift in Sources */ = {isa = PBXBuildFile; fileRef = 0588F2F51AA2839300D4DD27 /* ZippyAnimator.swift */; };
		05AB511919E75E690084A738 /* onboarding.swift in Sources */ = {isa = PBXBuildFile; fileRef = 05AB511819E75E690084A738 /* onboarding.swift */; };
		05D693C319E06FD6007F19E2 /* ChooseGroceryListViewController.swift in Sources */ = {isa = PBXBuildFile; fileRef = 05D693C219E06FD6007F19E2 /* ChooseGroceryListViewController.swift */; };
		385AF2D91959043B00EE0773 /* calendarAdapter.swift in Sources */ = {isa = PBXBuildFile; fileRef = 385AF2D81959043B00EE0773 /* calendarAdapter.swift */; };
		38A2C9871953622C002409F8 /* groceryModel.swift in Sources */ = {isa = PBXBuildFile; fileRef = 38A2C9861953622C002409F8 /* groceryModel.swift */; };
		38A693971981F2DD007EE7C2 /* StyleKit.m in Sources */ = {isa = PBXBuildFile; fileRef = 38A693961981F2DD007EE7C2 /* StyleKit.m */; };
		38B453541953277F00406FFC /* AppDelegate.swift in Sources */ = {isa = PBXBuildFile; fileRef = 38B453531953277F00406FFC /* AppDelegate.swift */; };
		38B453561953277F00406FFC /* ViewController.swift in Sources */ = {isa = PBXBuildFile; fileRef = 38B453551953277F00406FFC /* ViewController.swift */; };
		38B453591953277F00406FFC /* Main.storyboard in Resources */ = {isa = PBXBuildFile; fileRef = 38B453571953277F00406FFC /* Main.storyboard */; };
		38B4535B1953277F00406FFC /* Images.xcassets in Resources */ = {isa = PBXBuildFile; fileRef = 38B4535A1953277F00406FFC /* Images.xcassets */; };
		38B453671953277F00406FFC /* Grocery_SeerTests.swift in Sources */ = {isa = PBXBuildFile; fileRef = 38B453661953277F00406FFC /* Grocery_SeerTests.swift */; };
		38CEF5CD195345250044E405 /* AddGroceryViewController.swift in Sources */ = {isa = PBXBuildFile; fileRef = 38CEF5CC195345250044E405 /* AddGroceryViewController.swift */; };
/* End PBXBuildFile section */

/* Begin PBXContainerItemProxy section */
		056342A41A656722009EE218 /* PBXContainerItemProxy */ = {
			isa = PBXContainerItemProxy;
			containerPortal = 38B453461953277F00406FFC /* Project object */;
			proxyType = 1;
			remoteGlobalIDString = 056342A11A65671E009EE218;
			remoteInfo = "Daily Bread WatchKit App";
		};
		056342AE1A656722009EE218 /* PBXContainerItemProxy */ = {
			isa = PBXContainerItemProxy;
			containerPortal = 38B453461953277F00406FFC /* Project object */;
			proxyType = 1;
			remoteGlobalIDString = 056342941A65671D009EE218;
			remoteInfo = "Daily Bread WatchKit Extension";
		};
		38B453611953277F00406FFC /* PBXContainerItemProxy */ = {
			isa = PBXContainerItemProxy;
			containerPortal = 38B453461953277F00406FFC /* Project object */;
			proxyType = 1;
			remoteGlobalIDString = 38B4534D1953277F00406FFC;
			remoteInfo = "Grocery Seer";
		};
/* End PBXContainerItemProxy section */

/* Begin PBXCopyFilesBuildPhase section */
		056342B71A656722009EE218 /* Embed App Extensions */ = {
			isa = PBXCopyFilesBuildPhase;
			buildActionMask = 2147483647;
			dstPath = "";
			dstSubfolderSpec = 13;
			files = (
				056342B01A656722009EE218 /* Daily Bread WatchKit Extension.appex in Embed App Extensions */,
			);
			name = "Embed App Extensions";
			runOnlyForDeploymentPostprocessing = 0;
		};
/* End PBXCopyFilesBuildPhase section */

/* Begin PBXFileReference section */
		05207AB71AA7F13900111032 /* OneAtATimeController.swift */ = {isa = PBXFileReference; fileEncoding = 4; lastKnownFileType = sourcecode.swift; path = OneAtATimeController.swift; sourceTree = "<group>"; };
		055B330F1A656AA1002CDB32 /* groceryRowController.swift */ = {isa = PBXFileReference; fileEncoding = 4; lastKnownFileType = sourcecode.swift; path = groceryRowController.swift; sourceTree = "<group>"; };
		056342951A65671D009EE218 /* Daily Bread WatchKit Extension.appex */ = {isa = PBXFileReference; explicitFileType = "wrapper.app-extension"; includeInIndex = 0; path = "Daily Bread WatchKit Extension.appex"; sourceTree = BUILT_PRODUCTS_DIR; };
		056342981A65671E009EE218 /* Info.plist */ = {isa = PBXFileReference; lastKnownFileType = text.plist.xml; path = Info.plist; sourceTree = "<group>"; };
		056342991A65671E009EE218 /* PushNotificationPayload.apns */ = {isa = PBXFileReference; lastKnownFileType = text; path = PushNotificationPayload.apns; sourceTree = "<group>"; };
		0563429A1A65671E009EE218 /* InterfaceController.swift */ = {isa = PBXFileReference; lastKnownFileType = sourcecode.swift; path = InterfaceController.swift; sourceTree = "<group>"; };
		0563429C1A65671E009EE218 /* NotificationController.swift */ = {isa = PBXFileReference; lastKnownFileType = sourcecode.swift; path = NotificationController.swift; sourceTree = "<group>"; };
		056342A21A65671E009EE218 /* Daily Bread WatchKit App.app */ = {isa = PBXFileReference; explicitFileType = wrapper.application; includeInIndex = 0; path = "Daily Bread WatchKit App.app"; sourceTree = BUILT_PRODUCTS_DIR; };
		056342A81A656722009EE218 /* Info.plist */ = {isa = PBXFileReference; lastKnownFileType = text.plist.xml; path = Info.plist; sourceTree = "<group>"; };
		056342AA1A656722009EE218 /* Base */ = {isa = PBXFileReference; lastKnownFileType = file.storyboard; name = Base; path = Base.lproj/Interface.storyboard; sourceTree = "<group>"; };
		056342AC1A656722009EE218 /* Images.xcassets */ = {isa = PBXFileReference; lastKnownFileType = folder.assetcatalog; path = Images.xcassets; sourceTree = "<group>"; };
		0587B5B519AC20F7009FAF77 /* ranking.swift */ = {isa = PBXFileReference; fileEncoding = 4; lastKnownFileType = sourcecode.swift; path = ranking.swift; sourceTree = "<group>"; };
		0588F2F51AA2839300D4DD27 /* ZippyAnimator.swift */ = {isa = PBXFileReference; fileEncoding = 4; lastKnownFileType = sourcecode.swift; path = ZippyAnimator.swift; sourceTree = "<group>"; };
		05AB511819E75E690084A738 /* onboarding.swift */ = {isa = PBXFileReference; fileEncoding = 4; lastKnownFileType = sourcecode.swift; path = onboarding.swift; sourceTree = "<group>"; };
		05D693C219E06FD6007F19E2 /* ChooseGroceryListViewController.swift */ = {isa = PBXFileReference; fileEncoding = 4; lastKnownFileType = sourcecode.swift; path = ChooseGroceryListViewController.swift; sourceTree = "<group>"; };
		384CC9C1196C42DD00FCD6AC /* Foundation.framework */ = {isa = PBXFileReference; lastKnownFileType = wrapper.framework; name = Foundation.framework; path = System/Library/Frameworks/Foundation.framework; sourceTree = SDKROOT; };
		385AF2D81959043B00EE0773 /* calendarAdapter.swift */ = {isa = PBXFileReference; fileEncoding = 4; lastKnownFileType = sourcecode.swift; path = calendarAdapter.swift; sourceTree = "<group>"; };
		38A2C9861953622C002409F8 /* groceryModel.swift */ = {isa = PBXFileReference; fileEncoding = 4; lastKnownFileType = sourcecode.swift; path = groceryModel.swift; sourceTree = "<group>"; };
		38A693941981F2DC007EE7C2 /* Daily Bread-Bridging-Header.h */ = {isa = PBXFileReference; lastKnownFileType = sourcecode.c.h; path = "Daily Bread-Bridging-Header.h"; sourceTree = "<group>"; };
		38A693951981F2DD007EE7C2 /* StyleKit.h */ = {isa = PBXFileReference; fileEncoding = 4; lastKnownFileType = sourcecode.c.h; path = StyleKit.h; sourceTree = "<group>"; };
		38A693961981F2DD007EE7C2 /* StyleKit.m */ = {isa = PBXFileReference; fileEncoding = 4; lastKnownFileType = sourcecode.c.objc; path = StyleKit.m; sourceTree = "<group>"; };
		38B4534E1953277F00406FFC /* Daily Bread.app */ = {isa = PBXFileReference; explicitFileType = wrapper.application; includeInIndex = 0; path = "Daily Bread.app"; sourceTree = BUILT_PRODUCTS_DIR; };
		38B453521953277F00406FFC /* Info.plist */ = {isa = PBXFileReference; lastKnownFileType = text.plist.xml; path = Info.plist; sourceTree = "<group>"; };
		38B453531953277F00406FFC /* AppDelegate.swift */ = {isa = PBXFileReference; lastKnownFileType = sourcecode.swift; path = AppDelegate.swift; sourceTree = "<group>"; };
		38B453551953277F00406FFC /* ViewController.swift */ = {isa = PBXFileReference; lastKnownFileType = sourcecode.swift; path = ViewController.swift; sourceTree = "<group>"; };
		38B453581953277F00406FFC /* Base */ = {isa = PBXFileReference; lastKnownFileType = file.storyboard; name = Base; path = Base.lproj/Main.storyboard; sourceTree = "<group>"; };
		38B4535A1953277F00406FFC /* Images.xcassets */ = {isa = PBXFileReference; lastKnownFileType = folder.assetcatalog; path = Images.xcassets; sourceTree = "<group>"; };
		38B453601953277F00406FFC /* Daily BreadTests.xctest */ = {isa = PBXFileReference; explicitFileType = wrapper.cfbundle; includeInIndex = 0; path = "Daily BreadTests.xctest"; sourceTree = BUILT_PRODUCTS_DIR; };
		38B453651953277F00406FFC /* Info.plist */ = {isa = PBXFileReference; lastKnownFileType = text.plist.xml; path = Info.plist; sourceTree = "<group>"; };
		38B453661953277F00406FFC /* Grocery_SeerTests.swift */ = {isa = PBXFileReference; lastKnownFileType = sourcecode.swift; path = Grocery_SeerTests.swift; sourceTree = "<group>"; };
		38CEF5CC195345250044E405 /* AddGroceryViewController.swift */ = {isa = PBXFileReference; fileEncoding = 4; lastKnownFileType = sourcecode.swift; path = AddGroceryViewController.swift; sourceTree = "<group>"; };
/* End PBXFileReference section */

/* Begin PBXFrameworksBuildPhase section */
		056342921A65671D009EE218 /* Frameworks */ = {
			isa = PBXFrameworksBuildPhase;
			buildActionMask = 2147483647;
			files = (
			);
			runOnlyForDeploymentPostprocessing = 0;
		};
		38B4534B1953277F00406FFC /* Frameworks */ = {
			isa = PBXFrameworksBuildPhase;
			buildActionMask = 2147483647;
			files = (
			);
			runOnlyForDeploymentPostprocessing = 0;
		};
		38B4535D1953277F00406FFC /* Frameworks */ = {
			isa = PBXFrameworksBuildPhase;
			buildActionMask = 2147483647;
			files = (
			);
			runOnlyForDeploymentPostprocessing = 0;
		};
/* End PBXFrameworksBuildPhase section */

/* Begin PBXGroup section */
		056342961A65671E009EE218 /* Daily Bread WatchKit Extension */ = {
			isa = PBXGroup;
			children = (
				0563429A1A65671E009EE218 /* InterfaceController.swift */,
				05207AB71AA7F13900111032 /* OneAtATimeController.swift */,
				0563429C1A65671E009EE218 /* NotificationController.swift */,
				056342971A65671E009EE218 /* Supporting Files */,
				055B330F1A656AA1002CDB32 /* groceryRowController.swift */,
			);
			path = "Daily Bread WatchKit Extension";
			sourceTree = "<group>";
		};
		056342971A65671E009EE218 /* Supporting Files */ = {
			isa = PBXGroup;
			children = (
				056342981A65671E009EE218 /* Info.plist */,
				056342991A65671E009EE218 /* PushNotificationPayload.apns */,
			);
			name = "Supporting Files";
			sourceTree = "<group>";
		};
		056342A61A656722009EE218 /* Daily Bread WatchKit App */ = {
			isa = PBXGroup;
			children = (
				056342A91A656722009EE218 /* Interface.storyboard */,
				056342AC1A656722009EE218 /* Images.xcassets */,
				056342A71A656722009EE218 /* Supporting Files */,
			);
			path = "Daily Bread WatchKit App";
			sourceTree = "<group>";
		};
		056342A71A656722009EE218 /* Supporting Files */ = {
			isa = PBXGroup;
			children = (
				056342A81A656722009EE218 /* Info.plist */,
			);
			name = "Supporting Files";
			sourceTree = "<group>";
		};
		38B453451953277F00406FFC = {
			isa = PBXGroup;
			children = (
				384CC9C1196C42DD00FCD6AC /* Foundation.framework */,
				38B453501953277F00406FFC /* Grocery Seer */,
				38B453631953277F00406FFC /* Grocery SeerTests */,
				056342961A65671E009EE218 /* Daily Bread WatchKit Extension */,
				056342A61A656722009EE218 /* Daily Bread WatchKit App */,
				38B4534F1953277F00406FFC /* Products */,
			);
			sourceTree = "<group>";
		};
		38B4534F1953277F00406FFC /* Products */ = {
			isa = PBXGroup;
			children = (
				38B4534E1953277F00406FFC /* Daily Bread.app */,
				38B453601953277F00406FFC /* Daily BreadTests.xctest */,
				056342951A65671D009EE218 /* Daily Bread WatchKit Extension.appex */,
				056342A21A65671E009EE218 /* Daily Bread WatchKit App.app */,
			);
			name = Products;
			sourceTree = "<group>";
		};
		38B453501953277F00406FFC /* Grocery Seer */ = {
			isa = PBXGroup;
			children = (
				38CEF5CC195345250044E405 /* AddGroceryViewController.swift */,
				0588F2F51AA2839300D4DD27 /* ZippyAnimator.swift */,
				38A693951981F2DD007EE7C2 /* StyleKit.h */,
				05AB511819E75E690084A738 /* onboarding.swift */,
				38A693961981F2DD007EE7C2 /* StyleKit.m */,
				385AF2D81959043B00EE0773 /* calendarAdapter.swift */,
				38B453531953277F00406FFC /* AppDelegate.swift */,
				38B453551953277F00406FFC /* ViewController.swift */,
				38A2C9861953622C002409F8 /* groceryModel.swift */,
				38B453571953277F00406FFC /* Main.storyboard */,
				05D693C219E06FD6007F19E2 /* ChooseGroceryListViewController.swift */,
				38B4535A1953277F00406FFC /* Images.xcassets */,
				38B453511953277F00406FFC /* Supporting Files */,
				38A693941981F2DC007EE7C2 /* Daily Bread-Bridging-Header.h */,
				0587B5B519AC20F7009FAF77 /* ranking.swift */,
			);
			path = "Grocery Seer";
			sourceTree = "<group>";
		};
		38B453511953277F00406FFC /* Supporting Files */ = {
			isa = PBXGroup;
			children = (
				38B453521953277F00406FFC /* Info.plist */,
			);
			name = "Supporting Files";
			sourceTree = "<group>";
		};
		38B453631953277F00406FFC /* Grocery SeerTests */ = {
			isa = PBXGroup;
			children = (
				38B453661953277F00406FFC /* Grocery_SeerTests.swift */,
				38B453641953277F00406FFC /* Supporting Files */,
			);
			path = "Grocery SeerTests";
			sourceTree = "<group>";
		};
		38B453641953277F00406FFC /* Supporting Files */ = {
			isa = PBXGroup;
			children = (
				38B453651953277F00406FFC /* Info.plist */,
			);
			name = "Supporting Files";
			sourceTree = "<group>";
		};
/* End PBXGroup section */

/* Begin PBXNativeTarget section */
		056342941A65671D009EE218 /* Daily Bread WatchKit Extension */ = {
			isa = PBXNativeTarget;
			buildConfigurationList = 056342B61A656722009EE218 /* Build configuration list for PBXNativeTarget "Daily Bread WatchKit Extension" */;
			buildPhases = (
				056342911A65671D009EE218 /* Sources */,
				056342921A65671D009EE218 /* Frameworks */,
				056342931A65671D009EE218 /* Resources */,
			);
			buildRules = (
			);
			dependencies = (
				056342A51A656722009EE218 /* PBXTargetDependency */,
			);
			name = "Daily Bread WatchKit Extension";
			productName = "Daily Bread WatchKit Extension";
			productReference = 056342951A65671D009EE218 /* Daily Bread WatchKit Extension.appex */;
			productType = "com.apple.product-type.watchkit-extension";
		};
		056342A11A65671E009EE218 /* Daily Bread WatchKit App */ = {
			isa = PBXNativeTarget;
			buildConfigurationList = 056342B51A656722009EE218 /* Build configuration list for PBXNativeTarget "Daily Bread WatchKit App" */;
			buildPhases = (
				056342A01A65671E009EE218 /* Resources */,
			);
			buildRules = (
			);
			dependencies = (
			);
			name = "Daily Bread WatchKit App";
			productName = "Daily Bread WatchKit App";
			productReference = 056342A21A65671E009EE218 /* Daily Bread WatchKit App.app */;
			productType = "com.apple.product-type.application.watchapp";
		};
		38B4534D1953277F00406FFC /* Daily Bread */ = {
			isa = PBXNativeTarget;
			buildConfigurationList = 38B4536A1953277F00406FFC /* Build configuration list for PBXNativeTarget "Daily Bread" */;
			buildPhases = (
				38B4534A1953277F00406FFC /* Sources */,
				38B4534B1953277F00406FFC /* Frameworks */,
				38B4534C1953277F00406FFC /* Resources */,
				056342B71A656722009EE218 /* Embed App Extensions */,
			);
			buildRules = (
			);
			dependencies = (
				056342AF1A656722009EE218 /* PBXTargetDependency */,
			);
			name = "Daily Bread";
			productName = "Grocery Seer";
			productReference = 38B4534E1953277F00406FFC /* Daily Bread.app */;
			productType = "com.apple.product-type.application";
		};
		38B4535F1953277F00406FFC /* Daily BreadTests */ = {
			isa = PBXNativeTarget;
			buildConfigurationList = 38B4536D1953277F00406FFC /* Build configuration list for PBXNativeTarget "Daily BreadTests" */;
			buildPhases = (
				38B4535C1953277F00406FFC /* Sources */,
				38B4535D1953277F00406FFC /* Frameworks */,
				38B4535E1953277F00406FFC /* Resources */,
			);
			buildRules = (
			);
			dependencies = (
				38B453621953277F00406FFC /* PBXTargetDependency */,
			);
			name = "Daily BreadTests";
			productName = "Grocery SeerTests";
			productReference = 38B453601953277F00406FFC /* Daily BreadTests.xctest */;
			productType = "com.apple.product-type.bundle.unit-test";
		};
/* End PBXNativeTarget section */

/* Begin PBXProject section */
		38B453461953277F00406FFC /* Project object */ = {
			isa = PBXProject;
			attributes = {
				LastUpgradeCheck = 0600;
				ORGANIZATIONNAME = Jiaaro;
				TargetAttributes = {
					056342941A65671D009EE218 = {
						CreatedOnToolsVersion = 6.2;
						DevelopmentTeam = 7U6NXPY6U6;
					};
					056342A11A65671E009EE218 = {
						CreatedOnToolsVersion = 6.2;
						DevelopmentTeam = 7U6NXPY6U6;
					};
					38B4534D1953277F00406FFC = {
						CreatedOnToolsVersion = 6.0;
						DevelopmentTeam = 7U6NXPY6U6;
					};
					38B4535F1953277F00406FFC = {
						CreatedOnToolsVersion = 6.0;
						TestTargetID = 38B4534D1953277F00406FFC;
					};
				};
			};
			buildConfigurationList = 38B453491953277F00406FFC /* Build configuration list for PBXProject "Daily Bread" */;
			compatibilityVersion = "Xcode 3.2";
			developmentRegion = English;
			hasScannedForEncodings = 0;
			knownRegions = (
				en,
				Base,
			);
			mainGroup = 38B453451953277F00406FFC;
			productRefGroup = 38B4534F1953277F00406FFC /* Products */;
			projectDirPath = "";
			projectRoot = "";
			targets = (
				38B4534D1953277F00406FFC /* Daily Bread */,
				38B4535F1953277F00406FFC /* Daily BreadTests */,
				056342941A65671D009EE218 /* Daily Bread WatchKit Extension */,
				056342A11A65671E009EE218 /* Daily Bread WatchKit App */,
			);
		};
/* End PBXProject section */

/* Begin PBXResourcesBuildPhase section */
		056342931A65671D009EE218 /* Resources */ = {
			isa = PBXResourcesBuildPhase;
			buildActionMask = 2147483647;
			files = (
				056342A31A656722009EE218 /* Daily Bread WatchKit App.app in Resources */,
			);
			runOnlyForDeploymentPostprocessing = 0;
		};
		056342A01A65671E009EE218 /* Resources */ = {
			isa = PBXResourcesBuildPhase;
			buildActionMask = 2147483647;
			files = (
				056342AB1A656722009EE218 /* Interface.storyboard in Resources */,
				056342AD1A656722009EE218 /* Images.xcassets in Resources */,
			);
			runOnlyForDeploymentPostprocessing = 0;
		};
		38B4534C1953277F00406FFC /* Resources */ = {
			isa = PBXResourcesBuildPhase;
			buildActionMask = 2147483647;
			files = (
				38B453591953277F00406FFC /* Main.storyboard in Resources */,
				38B4535B1953277F00406FFC /* Images.xcassets in Resources */,
			);
			runOnlyForDeploymentPostprocessing = 0;
		};
		38B4535E1953277F00406FFC /* Resources */ = {
			isa = PBXResourcesBuildPhase;
			buildActionMask = 2147483647;
			files = (
			);
			runOnlyForDeploymentPostprocessing = 0;
		};
/* End PBXResourcesBuildPhase section */

/* Begin PBXSourcesBuildPhase section */
		056342911A65671D009EE218 /* Sources */ = {
			isa = PBXSourcesBuildPhase;
			buildActionMask = 2147483647;
			files = (
				05207AB81AA7F13900111032 /* OneAtATimeController.swift in Sources */,
				055B33101A656AA1002CDB32 /* groceryRowController.swift in Sources */,
				0563429D1A65671E009EE218 /* NotificationController.swift in Sources */,
				0563429B1A65671E009EE218 /* InterfaceController.swift in Sources */,
			);
			runOnlyForDeploymentPostprocessing = 0;
		};
		38B4534A1953277F00406FFC /* Sources */ = {
			isa = PBXSourcesBuildPhase;
			buildActionMask = 2147483647;
			files = (
				38CEF5CD195345250044E405 /* AddGroceryViewController.swift in Sources */,
				385AF2D91959043B00EE0773 /* calendarAdapter.swift in Sources */,
				0587B5B619AC20F7009FAF77 /* ranking.swift in Sources */,
				0588F2F61AA2839300D4DD27 /* ZippyAnimator.swift in Sources */,
				38A2C9871953622C002409F8 /* groceryModel.swift in Sources */,
				05AB511919E75E690084A738 /* onboarding.swift in Sources */,
				38B453561953277F00406FFC /* ViewController.swift in Sources */,
				38A693971981F2DD007EE7C2 /* StyleKit.m in Sources */,
				38B453541953277F00406FFC /* AppDelegate.swift in Sources */,
				05D693C319E06FD6007F19E2 /* ChooseGroceryListViewController.swift in Sources */,
			);
			runOnlyForDeploymentPostprocessing = 0;
		};
		38B4535C1953277F00406FFC /* Sources */ = {
			isa = PBXSourcesBuildPhase;
			buildActionMask = 2147483647;
			files = (
				38B453671953277F00406FFC /* Grocery_SeerTests.swift in Sources */,
			);
			runOnlyForDeploymentPostprocessing = 0;
		};
/* End PBXSourcesBuildPhase section */

/* Begin PBXTargetDependency section */
		056342A51A656722009EE218 /* PBXTargetDependency */ = {
			isa = PBXTargetDependency;
			target = 056342A11A65671E009EE218 /* Daily Bread WatchKit App */;
			targetProxy = 056342A41A656722009EE218 /* PBXContainerItemProxy */;
		};
		056342AF1A656722009EE218 /* PBXTargetDependency */ = {
			isa = PBXTargetDependency;
			target = 056342941A65671D009EE218 /* Daily Bread WatchKit Extension */;
			targetProxy = 056342AE1A656722009EE218 /* PBXContainerItemProxy */;
		};
		38B453621953277F00406FFC /* PBXTargetDependency */ = {
			isa = PBXTargetDependency;
			target = 38B4534D1953277F00406FFC /* Daily Bread */;
			targetProxy = 38B453611953277F00406FFC /* PBXContainerItemProxy */;
		};
/* End PBXTargetDependency section */

/* Begin PBXVariantGroup section */
		056342A91A656722009EE218 /* Interface.storyboard */ = {
			isa = PBXVariantGroup;
			children = (
				056342AA1A656722009EE218 /* Base */,
			);
			name = Interface.storyboard;
			sourceTree = "<group>";
		};
		38B453571953277F00406FFC /* Main.storyboard */ = {
			isa = PBXVariantGroup;
			children = (
				38B453581953277F00406FFC /* Base */,
			);
			name = Main.storyboard;
			sourceTree = "<group>";
		};
/* End PBXVariantGroup section */

/* Begin XCBuildConfiguration section */
		056342B11A656722009EE218 /* Debug */ = {
			isa = XCBuildConfiguration;
			buildSettings = {
				CODE_SIGN_IDENTITY = "iPhone Developer";
				"CODE_SIGN_IDENTITY[sdk=iphoneos*]" = "iPhone Developer";
				GCC_PREPROCESSOR_DEFINITIONS = (
					"DEBUG=1",
					"$(inherited)",
				);
				INFOPLIST_FILE = "Daily Bread WatchKit Extension/Info.plist";
				IPHONEOS_DEPLOYMENT_TARGET = 8.2;
				LD_RUNPATH_SEARCH_PATHS = "$(inherited) @executable_path/Frameworks @executable_path/../../Frameworks";
				MTL_ENABLE_DEBUG_INFO = YES;
				PRODUCT_NAME = "${TARGET_NAME}";
				SKIP_INSTALL = YES;
			};
			name = Debug;
		};
		056342B21A656722009EE218 /* Release */ = {
			isa = XCBuildConfiguration;
			buildSettings = {
				CODE_SIGN_IDENTITY = "iPhone Developer";
				"CODE_SIGN_IDENTITY[sdk=iphoneos*]" = "iPhone Developer";
				COPY_PHASE_STRIP = NO;
				INFOPLIST_FILE = "Daily Bread WatchKit Extension/Info.plist";
				IPHONEOS_DEPLOYMENT_TARGET = 8.2;
				LD_RUNPATH_SEARCH_PATHS = "$(inherited) @executable_path/Frameworks @executable_path/../../Frameworks";
				MTL_ENABLE_DEBUG_INFO = NO;
				PRODUCT_NAME = "${TARGET_NAME}";
				SKIP_INSTALL = YES;
			};
			name = Release;
		};
		056342B31A656722009EE218 /* Debug */ = {
			isa = XCBuildConfiguration;
			buildSettings = {
				ASSETCATALOG_COMPILER_APPICON_NAME = WatchAppIcon;
				ASSETCATALOG_COMPILER_LAUNCHIMAGE_NAME = LaunchImage;
				CODE_SIGN_IDENTITY = "iPhone Developer";
				"CODE_SIGN_IDENTITY[sdk=iphoneos*]" = "iPhone Developer";
				GCC_PREPROCESSOR_DEFINITIONS = (
					"DEBUG=1",
					"$(inherited)",
				);
				IBSC_MODULE = Daily_Bread_WatchKit_Extension;
				INFOPLIST_FILE = "Daily Bread WatchKit App/Info.plist";
				IPHONEOS_DEPLOYMENT_TARGET = 8.2;
				MTL_ENABLE_DEBUG_INFO = YES;
				PRODUCT_NAME = "$(TARGET_NAME)";
				PROVISIONING_PROFILE = "";
				SKIP_INSTALL = YES;
				TARGETED_DEVICE_FAMILY = 4;
				"TARGETED_DEVICE_FAMILY[sdk=iphonesimulator*]" = "1,4";
			};
			name = Debug;
		};
		056342B41A656722009EE218 /* Release */ = {
			isa = XCBuildConfiguration;
			buildSettings = {
				ASSETCATALOG_COMPILER_APPICON_NAME = WatchAppIcon;
				ASSETCATALOG_COMPILER_LAUNCHIMAGE_NAME = LaunchImage;
				CODE_SIGN_IDENTITY = "iPhone Developer";
				"CODE_SIGN_IDENTITY[sdk=iphoneos*]" = "iPhone Developer";
				COPY_PHASE_STRIP = NO;
				IBSC_MODULE = Daily_Bread_WatchKit_Extension;
				INFOPLIST_FILE = "Daily Bread WatchKit App/Info.plist";
				IPHONEOS_DEPLOYMENT_TARGET = 8.2;
				MTL_ENABLE_DEBUG_INFO = NO;
				PRODUCT_NAME = "$(TARGET_NAME)";
				PROVISIONING_PROFILE = "";
				SKIP_INSTALL = YES;
				TARGETED_DEVICE_FAMILY = 4;
				"TARGETED_DEVICE_FAMILY[sdk=iphonesimulator*]" = "1,4";
			};
			name = Release;
		};
		38B453681953277F00406FFC /* Debug */ = {
			isa = XCBuildConfiguration;
			buildSettings = {
				ALWAYS_SEARCH_USER_PATHS = NO;
				CLANG_CXX_LANGUAGE_STANDARD = "gnu++0x";
				CLANG_CXX_LIBRARY = "libc++";
				CLANG_ENABLE_MODULES = YES;
				CLANG_ENABLE_OBJC_ARC = YES;
				CLANG_WARN_BOOL_CONVERSION = YES;
				CLANG_WARN_CONSTANT_CONVERSION = YES;
				CLANG_WARN_DIRECT_OBJC_ISA_USAGE = YES_ERROR;
				CLANG_WARN_EMPTY_BODY = YES;
				CLANG_WARN_ENUM_CONVERSION = YES;
				CLANG_WARN_INT_CONVERSION = YES;
				CLANG_WARN_OBJC_ROOT_CLASS = YES_ERROR;
				CLANG_WARN_UNREACHABLE_CODE = YES;
				CLANG_WARN__DUPLICATE_METHOD_MATCH = YES;
				CODE_SIGN_IDENTITY = "iPhone Developer";
				"CODE_SIGN_IDENTITY[sdk=iphoneos*]" = "iPhone Developer";
				COPY_PHASE_STRIP = NO;
				ENABLE_STRICT_OBJC_MSGSEND = YES;
				GCC_C_LANGUAGE_STANDARD = gnu99;
				GCC_DYNAMIC_NO_PIC = NO;
				GCC_OPTIMIZATION_LEVEL = 0;
				GCC_PREPROCESSOR_DEFINITIONS = (
					"DEBUG=1",
					"$(inherited)",
				);
				GCC_SYMBOLS_PRIVATE_EXTERN = NO;
				GCC_WARN_64_TO_32_BIT_CONVERSION = YES;
				GCC_WARN_ABOUT_RETURN_TYPE = YES_ERROR;
				GCC_WARN_UNDECLARED_SELECTOR = YES;
				GCC_WARN_UNINITIALIZED_AUTOS = YES_AGGRESSIVE;
				GCC_WARN_UNUSED_FUNCTION = YES;
				GCC_WARN_UNUSED_VARIABLE = YES;
				IPHONEOS_DEPLOYMENT_TARGET = 8.2;
				METAL_ENABLE_DEBUG_INFO = YES;
				ONLY_ACTIVE_ARCH = YES;
				SDKROOT = iphoneos;
				SWIFT_OPTIMIZATION_LEVEL = "-Onone";
			};
			name = Debug;
		};
		38B453691953277F00406FFC /* Release */ = {
			isa = XCBuildConfiguration;
			buildSettings = {
				ALWAYS_SEARCH_USER_PATHS = NO;
				CLANG_CXX_LANGUAGE_STANDARD = "gnu++0x";
				CLANG_CXX_LIBRARY = "libc++";
				CLANG_ENABLE_MODULES = YES;
				CLANG_ENABLE_OBJC_ARC = YES;
				CLANG_WARN_BOOL_CONVERSION = YES;
				CLANG_WARN_CONSTANT_CONVERSION = YES;
				CLANG_WARN_DIRECT_OBJC_ISA_USAGE = YES_ERROR;
				CLANG_WARN_EMPTY_BODY = YES;
				CLANG_WARN_ENUM_CONVERSION = YES;
				CLANG_WARN_INT_CONVERSION = YES;
				CLANG_WARN_OBJC_ROOT_CLASS = YES_ERROR;
				CLANG_WARN_UNREACHABLE_CODE = YES;
				CLANG_WARN__DUPLICATE_METHOD_MATCH = YES;
				CODE_SIGN_IDENTITY = "iPhone Developer";
				"CODE_SIGN_IDENTITY[sdk=iphoneos*]" = "iPhone Developer";
				COPY_PHASE_STRIP = YES;
				ENABLE_NS_ASSERTIONS = NO;
				ENABLE_STRICT_OBJC_MSGSEND = YES;
				GCC_C_LANGUAGE_STANDARD = gnu99;
				GCC_WARN_64_TO_32_BIT_CONVERSION = YES;
				GCC_WARN_ABOUT_RETURN_TYPE = YES_ERROR;
				GCC_WARN_UNDECLARED_SELECTOR = YES;
				GCC_WARN_UNINITIALIZED_AUTOS = YES_AGGRESSIVE;
				GCC_WARN_UNUSED_FUNCTION = YES;
				GCC_WARN_UNUSED_VARIABLE = YES;
				IPHONEOS_DEPLOYMENT_TARGET = 8.2;
				METAL_ENABLE_DEBUG_INFO = NO;
				SDKROOT = iphoneos;
				VALIDATE_PRODUCT = YES;
			};
			name = Release;
		};
		38B4536B1953277F00406FFC /* Debug */ = {
			isa = XCBuildConfiguration;
			buildSettings = {
				ASSETCATALOG_COMPILER_APPICON_NAME = AppIcon;
				ASSETCATALOG_COMPILER_LAUNCHIMAGE_NAME = LaunchImage;
				CLANG_ENABLE_MODULES = YES;
				CODE_SIGN_IDENTITY = "iPhone Developer";
				"CODE_SIGN_IDENTITY[sdk=iphoneos*]" = "iPhone Developer";
				EMBEDDED_CONTENT_CONTAINS_SWIFT = YES;
				GCC_OPTIMIZATION_LEVEL = 0;
				INFOPLIST_FILE = "Grocery Seer/Info.plist";
				IPHONEOS_DEPLOYMENT_TARGET = 8.2;
				LD_RUNPATH_SEARCH_PATHS = "$(inherited) @executable_path/Frameworks";
				PRODUCT_NAME = "Daily Bread";
				PROVISIONING_PROFILE = "";
				SWIFT_OBJC_BRIDGING_HEADER = "Grocery Seer/Daily Bread-Bridging-Header.h";
				SWIFT_OPTIMIZATION_LEVEL = "-Onone";
				TARGETED_DEVICE_FAMILY = 1;
			};
			name = Debug;
		};
		38B4536C1953277F00406FFC /* Release */ = {
			isa = XCBuildConfiguration;
			buildSettings = {
				ASSETCATALOG_COMPILER_APPICON_NAME = AppIcon;
				ASSETCATALOG_COMPILER_LAUNCHIMAGE_NAME = LaunchImage;
				CLANG_ENABLE_MODULES = YES;
				CODE_SIGN_IDENTITY = "iPhone Developer";
				"CODE_SIGN_IDENTITY[sdk=iphoneos*]" = "iPhone Developer";
				EMBEDDED_CONTENT_CONTAINS_SWIFT = YES;
				INFOPLIST_FILE = "Grocery Seer/Info.plist";
				IPHONEOS_DEPLOYMENT_TARGET = 8.2;
				LD_RUNPATH_SEARCH_PATHS = "$(inherited) @executable_path/Frameworks";
				PRODUCT_NAME = "Daily Bread";
				PROVISIONING_PROFILE = "";
				SWIFT_OBJC_BRIDGING_HEADER = "Grocery Seer/Daily Bread-Bridging-Header.h";
				SWIFT_OPTIMIZATION_LEVEL = "-O";
				TARGETED_DEVICE_FAMILY = 1;
			};
			name = Release;
		};
		38B4536E1953277F00406FFC /* Debug */ = {
			isa = XCBuildConfiguration;
			buildSettings = {
				BUNDLE_LOADER = "$(BUILT_PRODUCTS_DIR)/Grocery Seer.app/Grocery Seer";
				FRAMEWORK_SEARCH_PATHS = (
					"$(SDKROOT)/Developer/Library/Frameworks",
					"$(inherited)",
				);
				GCC_PREPROCESSOR_DEFINITIONS = (
					"DEBUG=1",
					"$(inherited)",
				);
				INFOPLIST_FILE = "Grocery SeerTests/Info.plist";
				LD_RUNPATH_SEARCH_PATHS = "$(inherited) @executable_path/Frameworks @loader_path/Frameworks";
				METAL_ENABLE_DEBUG_INFO = YES;
				PRODUCT_NAME = "Daily BreadTests";
				TEST_HOST = "$(BUNDLE_LOADER)";
			};
			name = Debug;
		};
		38B4536F1953277F00406FFC /* Release */ = {
			isa = XCBuildConfiguration;
			buildSettings = {
				BUNDLE_LOADER = "$(BUILT_PRODUCTS_DIR)/Grocery Seer.app/Grocery Seer";
				FRAMEWORK_SEARCH_PATHS = (
					"$(SDKROOT)/Developer/Library/Frameworks",
					"$(inherited)",
				);
				INFOPLIST_FILE = "Grocery SeerTests/Info.plist";
				LD_RUNPATH_SEARCH_PATHS = "$(inherited) @executable_path/Frameworks @loader_path/Frameworks";
				METAL_ENABLE_DEBUG_INFO = NO;
				PRODUCT_NAME = "Daily BreadTests";
				TEST_HOST = "$(BUNDLE_LOADER)";
			};
			name = Release;
		};
/* End XCBuildConfiguration section */

/* Begin XCConfigurationList section */
		056342B51A656722009EE218 /* Build configuration list for PBXNativeTarget "Daily Bread WatchKit App" */ = {
			isa = XCConfigurationList;
			buildConfigurations = (
				056342B31A656722009EE218 /* Debug */,
				056342B41A656722009EE218 /* Release */,
			);
			defaultConfigurationIsVisible = 0;
			defaultConfigurationName = Release;
		};
		056342B61A656722009EE218 /* Build configuration list for PBXNativeTarget "Daily Bread WatchKit Extension" */ = {
			isa = XCConfigurationList;
			buildConfigurations = (
				056342B11A656722009EE218 /* Debug */,
				056342B21A656722009EE218 /* Release */,
			);
			defaultConfigurationIsVisible = 0;
			defaultConfigurationName = Release;
		};
		38B453491953277F00406FFC /* Build configuration list for PBXProject "Daily Bread" */ = {
			isa = XCConfigurationList;
			buildConfigurations = (
				38B453681953277F00406FFC /* Debug */,
				38B453691953277F00406FFC /* Release */,
			);
			defaultConfigurationIsVisible = 0;
			defaultConfigurationName = Release;
		};
		38B4536A1953277F00406FFC /* Build configuration list for PBXNativeTarget "Daily Bread" */ = {
			isa = XCConfigurationList;
			buildConfigurations = (
				38B4536B1953277F00406FFC /* Debug */,
				38B4536C1953277F00406FFC /* Release */,
			);
			defaultConfigurationIsVisible = 0;
			defaultConfigurationName = Release;
		};
		38B4536D1953277F00406FFC /* Build configuration list for PBXNativeTarget "Daily BreadTests" */ = {
			isa = XCConfigurationList;
			buildConfigurations = (
				38B4536E1953277F00406FFC /* Debug */,
				38B4536F1953277F00406FFC /* Release */,
			);
			defaultConfigurationIsVisible = 0;
			defaultConfigurationName = Release;
		};
/* End XCConfigurationList section */
	};
	rootObject = 38B453461953277F00406FFC /* Project object */;
}
